
Microsoft Visual Studio Solution File, Format Version 12.00
Project("{FAE04EC0-301F-11D3-BF4B-00C04F79EFBC}") = "GTrack-Control", "GTrack-Control\GTrack-Control.csproj", "{4B689C8A-EE66-4A64-A955-32030F641E0B}"
EndProject
Project("{FAE04EC0-301F-11D3-BF4B-00C04F79EFBC}") = "GTrack-Services", "GTrack-Services\GTrack-Services.csproj", "{6243D9B7-0F41-4049-A137-A2A8F7AE0B87}"
EndProject
Project("{FAE04EC0-301F-11D3-BF4B-00C04F79EFBC}") = "GTrack-Events", "GTrack-Events\GTrack-Events.csproj", "{DFC63EE2-8B5E-42A1-B4F3-3C2E769BB317}"
EndProject
Project("{FAE04EC0-301F-11D3-BF4B-00C04F79EFBC}") = "GTrack-MessageDialogModule", "GTrack-MessageDialogModule\GTrack-MessageDialogModule.csproj", "{FAB209B7-AB70-4F64-84DD-133F4743E42A}"
EndProject
Global
	GlobalSection(SolutionConfigurationPlatforms) = preSolution
		Debug|Any CPU = Debug|Any CPU
		Release|Any CPU = Release|Any CPU
	EndGlobalSection
	GlobalSection(ProjectConfigurationPlatforms) = postSolution
		{4B689C8A-EE66-4A64-A955-32030F641E0B}.Debug|Any CPU.ActiveCfg = Debug|Any CPU
		{4B689C8A-EE66-4A64-A955-32030F641E0B}.Debug|Any CPU.Build.0 = Debug|Any CPU
		{4B689C8A-EE66-4A64-A955-32030F641E0B}.Release|Any CPU.ActiveCfg = Release|Any CPU
		{4B689C8A-EE66-4A64-A955-32030F641E0B}.Release|Any CPU.Build.0 = Release|Any CPU
		{6243D9B7-0F41-4049-A137-A2A8F7AE0B87}.Debug|Any CPU.ActiveCfg = Debug|Any CPU
		{6243D9B7-0F41-4049-A137-A2A8F7AE0B87}.Debug|Any CPU.Build.0 = Debug|Any CPU
		{6243D9B7-0F41-4049-A137-A2A8F7AE0B87}.Release|Any CPU.ActiveCfg = Release|Any CPU
		{6243D9B7-0F41-4049-A137-A2A8F7AE0B87}.Release|Any CPU.Build.0 = Release|Any CPU
		{DFC63EE2-8B5E-42A1-B4F3-3C2E769BB317}.Debug|Any CPU.ActiveCfg = Debug|Any CPU
		{DFC63EE2-8B5E-42A1-B4F3-3C2E769BB317}.Debug|Any CPU.Build.0 = Debug|Any CPU
		{DFC63EE2-8B5E-42A1-B4F3-3C2E769BB317}.Release|Any CPU.ActiveCfg = Release|Any CPU
		{DFC63EE2-8B5E-42A1-B4F3-3C2E769BB317}.Release|Any CPU.Build.0 = Release|Any CPU
		{FAB209B7-AB70-4F64-84DD-133F4743E42A}.Debug|Any CPU.ActiveCfg = Debug|Any CPU
		{FAB209B7-AB70-4F64-84DD-133F4743E42A}.Debug|Any CPU.Build.0 = Debug|Any CPU
		{FAB209B7-AB70-4F64-84DD-133F4743E42A}.Release|Any CPU.ActiveCfg = Release|Any CPU
		{FAB209B7-AB70-4F64-84DD-133F4743E42A}.Release|Any CPU.Build.0 = Release|Any CPU
	EndGlobalSection
EndGlobal
